{
  "name": "spinwheel",
  "lockfileVersion": 2,
  "requires": true,
  "packages": {
    "": {
      "dependencies": {
        "winwheel": "^1.0.1"
      }
    },
    "node_modules/winwheel": {
      "version": "1.0.1",
      "resolved": "https://registry.npmjs.org/winwheel/-/winwheel-1.0.1.tgz",
      "integrity": "sha512-w533E3eWFedDBrsVcuZUFJYZAaS1+J/NeaSgyUvp+7wcBBL7QUn2caRb+eZe0UJGbwXV3vBn6osxeliQA//fjA=="
    }
  },
  "dependencies": {
    "winwheel": {
      "version": "1.0.1",
      "resolved": "https://registry.npmjs.org/winwheel/-/winwheel-1.0.1.tgz",
      "integrity": "sha512-w533E3eWFedDBrsVcuZUFJYZAaS1+J/NeaSgyUvp+7wcBBL7QUn2caRb+eZe0UJGbwXV3vBn6osxeliQA//fjA=="
    }
  }
}
